
Microsoft Visual Studio Solution File, Format Version 12.00
# Visual Studio Version 17
VisualStudioVersion = 17.3.32929.385
MinimumVisualStudioVersion = 10.0.40219.1
Project("{8BC9CEB8-8B4A-11D0-8D11-00A0C91BC942}") = "udp_gui", "udp_gui.vcxproj", "{886B702A-1794-4698-A5C7-56DF93CAFD52}"
EndProject
Global
	GlobalSection(SolutionConfigurationPlatforms) = preSolution
		Debug|x64 = Debug|x64
		Release|x64 = Release|x64
	EndGlobalSection
	GlobalSection(ProjectConfigurationPlatforms) = postSolution
		{886B702A-1794-4698-A5C7-56DF93CAFD52}.Debug|x64.ActiveCfg = Debug|x64
		{886B702A-1794-4698-A5C7-56DF93CAFD52}.Debug|x64.Build.0 = Debug|x64
		{886B702A-1794-4698-A5C7-56DF93CAFD52}.Release|x64.ActiveCfg = Release|x64
		{886B702A-1794-4698-A5C7-56DF93CAFD52}.Release|x64.Build.0 = Release|x64
	EndGlobalSection
	GlobalSection(SolutionProperties) = preSolution
		HideSolutionNode = FALSE
	EndGlobalSection
	GlobalSection(ExtensibilityGlobals) = postSolution
		SolutionGuid = {0BD87A96-3C23-4A42-8248-221E158E80C5}
	EndGlobalSection
EndGlobal
